
Microsoft Visual Studio Solution File, Format Version 12.00
# Visual Studio Version 17
VisualStudioVersion = 17.5.33516.290
MinimumVisualStudioVersion = 10.0.40219.1
Project("{9A19103F-16F7-4668-BE54-9A1E7A4F7556}") = "Genetic_Algorithm", "Genetic_Algorithm\Genetic_Algorithm.csproj", "{FC4E94A5-C083-49E5-B967-F9F72DA40621}"
EndProject
Project("{2150E333-8FDC-42A3-9474-1A3956D46DE8}") = "Core", "Core", "{D13A65CD-9E6F-4A2A-9CEA-B12C80F2BB0E}"
EndProject
Project("{2150E333-8FDC-42A3-9474-1A3956D46DE8}") = "EndPoint", "EndPoint", "{C373B5D8-460B-4932-BD94-D813EB5CA7A2}"
EndProject
Project("{9A19103F-16F7-4668-BE54-9A1E7A4F7556}") = "Core.Services", "Core\Core.Services\Core.Services.csproj", "{99C10FA9-72AC-4907-B774-DE266102B06B}"
EndProject
Project("{9A19103F-16F7-4668-BE54-9A1E7A4F7556}") = "Core.Domain", "Core\Core.Domain\Core.Domain.csproj", "{A7C417A5-5ED3-44E4-BDF7-FB66CD9C8868}"
EndProject
Project("{9A19103F-16F7-4668-BE54-9A1E7A4F7556}") = "TSP", "TSP\TSP.csproj", "{07046F44-CD64-4AAE-B66C-5C043F6C0559}"
EndProject
Project("{FAE04EC0-301F-11D3-BF4B-00C04F79EFBC}") = "MagicSquare", "MagicSquare\MagicSquare.csproj", "{CF6110BF-F999-4057-AC85-3A5C53BF3A7D}"
EndProject
Global
	GlobalSection(SolutionConfigurationPlatforms) = preSolution
		Debug|Any CPU = Debug|Any CPU
		Release|Any CPU = Release|Any CPU
	EndGlobalSection
	GlobalSection(ProjectConfigurationPlatforms) = postSolution
		{FC4E94A5-C083-49E5-B967-F9F72DA40621}.Debug|Any CPU.ActiveCfg = Debug|Any CPU
		{FC4E94A5-C083-49E5-B967-F9F72DA40621}.Debug|Any CPU.Build.0 = Debug|Any CPU
		{FC4E94A5-C083-49E5-B967-F9F72DA40621}.Release|Any CPU.ActiveCfg = Release|Any CPU
		{FC4E94A5-C083-49E5-B967-F9F72DA40621}.Release|Any CPU.Build.0 = Release|Any CPU
		{99C10FA9-72AC-4907-B774-DE266102B06B}.Debug|Any CPU.ActiveCfg = Debug|Any CPU
		{99C10FA9-72AC-4907-B774-DE266102B06B}.Debug|Any CPU.Build.0 = Debug|Any CPU
		{99C10FA9-72AC-4907-B774-DE266102B06B}.Release|Any CPU.ActiveCfg = Release|Any CPU
		{99C10FA9-72AC-4907-B774-DE266102B06B}.Release|Any CPU.Build.0 = Release|Any CPU
		{A7C417A5-5ED3-44E4-BDF7-FB66CD9C8868}.Debug|Any CPU.ActiveCfg = Debug|Any CPU
		{A7C417A5-5ED3-44E4-BDF7-FB66CD9C8868}.Debug|Any CPU.Build.0 = Debug|Any CPU
		{A7C417A5-5ED3-44E4-BDF7-FB66CD9C8868}.Release|Any CPU.ActiveCfg = Release|Any CPU
		{A7C417A5-5ED3-44E4-BDF7-FB66CD9C8868}.Release|Any CPU.Build.0 = Release|Any CPU
		{07046F44-CD64-4AAE-B66C-5C043F6C0559}.Debug|Any CPU.ActiveCfg = Debug|Any CPU
		{07046F44-CD64-4AAE-B66C-5C043F6C0559}.Debug|Any CPU.Build.0 = Debug|Any CPU
		{07046F44-CD64-4AAE-B66C-5C043F6C0559}.Release|Any CPU.ActiveCfg = Release|Any CPU
		{07046F44-CD64-4AAE-B66C-5C043F6C0559}.Release|Any CPU.Build.0 = Release|Any CPU
		{CF6110BF-F999-4057-AC85-3A5C53BF3A7D}.Debug|Any CPU.ActiveCfg = Debug|Any CPU
		{CF6110BF-F999-4057-AC85-3A5C53BF3A7D}.Debug|Any CPU.Build.0 = Debug|Any CPU
		{CF6110BF-F999-4057-AC85-3A5C53BF3A7D}.Release|Any CPU.ActiveCfg = Release|Any CPU
		{CF6110BF-F999-4057-AC85-3A5C53BF3A7D}.Release|Any CPU.Build.0 = Release|Any CPU
	EndGlobalSection
	GlobalSection(SolutionProperties) = preSolution
		HideSolutionNode = FALSE
	EndGlobalSection
	GlobalSection(NestedProjects) = preSolution
		{FC4E94A5-C083-49E5-B967-F9F72DA40621} = {C373B5D8-460B-4932-BD94-D813EB5CA7A2}
		{99C10FA9-72AC-4907-B774-DE266102B06B} = {D13A65CD-9E6F-4A2A-9CEA-B12C80F2BB0E}
		{A7C417A5-5ED3-44E4-BDF7-FB66CD9C8868} = {D13A65CD-9E6F-4A2A-9CEA-B12C80F2BB0E}
		{07046F44-CD64-4AAE-B66C-5C043F6C0559} = {C373B5D8-460B-4932-BD94-D813EB5CA7A2}
		{CF6110BF-F999-4057-AC85-3A5C53BF3A7D} = {C373B5D8-460B-4932-BD94-D813EB5CA7A2}
	EndGlobalSection
	GlobalSection(ExtensibilityGlobals) = postSolution
		SolutionGuid = {3A69959F-04BF-4B24-B421-9C06B2D065E3}
	EndGlobalSection
EndGlobal
